
Microsoft Visual Studio Solution File, Format Version 12.00
# Visual Studio Version 17
VisualStudioVersion = 17.10.35013.160
MinimumVisualStudioVersion = 10.0.40219.1
Project("{FAE04EC0-301F-11D3-BF4B-00C04F79EFBC}") = "oop lesson 7", "oop lesson 7\oop lesson 7.csproj", "{6A6AA21D-A11A-480D-B374-643D27753EAB}"
EndProject
Global
	GlobalSection(SolutionConfigurationPlatforms) = preSolution
		Debug|Any CPU = Debug|Any CPU
		Release|Any CPU = Release|Any CPU
	EndGlobalSection
	GlobalSection(ProjectConfigurationPlatforms) = postSolution
		{6A6AA21D-A11A-480D-B374-643D27753EAB}.Debug|Any CPU.ActiveCfg = Debug|Any CPU
		{6A6AA21D-A11A-480D-B374-643D27753EAB}.Debug|Any CPU.Build.0 = Debug|Any CPU
		{6A6AA21D-A11A-480D-B374-643D27753EAB}.Release|Any CPU.ActiveCfg = Release|Any CPU
		{6A6AA21D-A11A-480D-B374-643D27753EAB}.Release|Any CPU.Build.0 = Release|Any CPU
	EndGlobalSection
	GlobalSection(SolutionProperties) = preSolution
		HideSolutionNode = FALSE
	EndGlobalSection
	GlobalSection(ExtensibilityGlobals) = postSolution
		SolutionGuid = {84F6AFB2-2527-4B15-96B9-2C76FB78F310}
	EndGlobalSection
EndGlobal
